
Microsoft Visual Studio Solution File, Format Version 12.00
# Visual Studio Version 17
VisualStudioVersion = 17.7.34221.43
MinimumVisualStudioVersion = 10.0.40219.1
Project("{8BC9CEB8-8B4A-11D0-8D11-00A0C91BC942}") = "CCrune", "CCrune\CCrune.vcxproj", "{6236BB0C-9174-48DC-8E12-B90CCF4BAC7F}"
EndProject
Global
	GlobalSection(SolutionConfigurationPlatforms) = preSolution
		Debug|x64 = Debug|x64
		Debug|x86 = Debug|x86
		Release|x64 = Release|x64
		Release|x86 = Release|x86
	EndGlobalSection
	GlobalSection(ProjectConfigurationPlatforms) = postSolution
		{6236BB0C-9174-48DC-8E12-B90CCF4BAC7F}.Debug|x64.ActiveCfg = Debug|x64
		{6236BB0C-9174-48DC-8E12-B90CCF4BAC7F}.Debug|x64.Build.0 = Debug|x64
		{6236BB0C-9174-48DC-8E12-B90CCF4BAC7F}.Debug|x86.ActiveCfg = Debug|Win32
		{6236BB0C-9174-48DC-8E12-B90CCF4BAC7F}.Debug|x86.Build.0 = Debug|Win32
		{6236BB0C-9174-48DC-8E12-B90CCF4BAC7F}.Release|x64.ActiveCfg = Release|x64
		{6236BB0C-9174-48DC-8E12-B90CCF4BAC7F}.Release|x64.Build.0 = Release|x64
		{6236BB0C-9174-48DC-8E12-B90CCF4BAC7F}.Release|x86.ActiveCfg = Release|Win32
		{6236BB0C-9174-48DC-8E12-B90CCF4BAC7F}.Release|x86.Build.0 = Release|Win32
	EndGlobalSection
	GlobalSection(SolutionProperties) = preSolution
		HideSolutionNode = FALSE
	EndGlobalSection
	GlobalSection(ExtensibilityGlobals) = postSolution
		SolutionGuid = {B6BCF722-292A-4C4D-8B44-EE059D56EAB6}
	EndGlobalSection
EndGlobal
